// !$*UTF8*$!
{
	archiveVersion = 1;
	classes = {
	};
	objectVersion = 77;
	objects = {

/* Begin PBXBuildFile section */
		B75D2F9C2D34B28400762CB6 /* API in Frameworks */ = {isa = PBXBuildFile; productRef = B75D2F9B2D34B28400762CB6 /* API */; };
		B75D2F9E2D34B28400762CB6 /* Entity in Frameworks */ = {isa = PBXBuildFile; productRef = B75D2F9D2D34B28400762CB6 /* Entity */; };
		B75D2FA02D34B28400762CB6 /* Feature in Frameworks */ = {isa = PBXBuildFile; productRef = B75D2F9F2D34B28400762CB6 /* Feature */; };
		B75D2FA22D34B28700762CB6 /* View in Frameworks */ = {isa = PBXBuildFile; productRef = B75D2FA12D34B28700762CB6 /* View */; };
/* End PBXBuildFile section */

/* Begin PBXContainerItemProxy section */
		B75D2F502D34A51F00762CB6 /* PBXContainerItemProxy */ = {
			isa = PBXContainerItemProxy;
			containerPortal = B75D2F372D34A51C00762CB6 /* Project object */;
			proxyType = 1;
			remoteGlobalIDString = B75D2F3E2D34A51C00762CB6;
			remoteInfo = MultiFinder;
		};
		B75D2F5A2D34A51F00762CB6 /* PBXContainerItemProxy */ = {
			isa = PBXContainerItemProxy;
			containerPortal = B75D2F372D34A51C00762CB6 /* Project object */;
			proxyType = 1;
			remoteGlobalIDString = B75D2F3E2D34A51C00762CB6;
			remoteInfo = MultiFinder;
		};
/* End PBXContainerItemProxy section */

/* Begin PBXFileReference section */
		B75D2F3F2D34A51C00762CB6 /* MultiFinder.app */ = {isa = PBXFileReference; explicitFileType = wrapper.application; includeInIndex = 0; path = MultiFinder.app; sourceTree = BUILT_PRODUCTS_DIR; };
		B75D2F4F2D34A51F00762CB6 /* MultiFinderTests.xctest */ = {isa = PBXFileReference; explicitFileType = wrapper.cfbundle; includeInIndex = 0; path = MultiFinderTests.xctest; sourceTree = BUILT_PRODUCTS_DIR; };
		B75D2F592D34A51F00762CB6 /* MultiFinderUITests.xctest */ = {isa = PBXFileReference; explicitFileType = wrapper.cfbundle; includeInIndex = 0; path = MultiFinderUITests.xctest; sourceTree = BUILT_PRODUCTS_DIR; };
		B75D2F6C2D34AEBE00762CB6 /* MultiFinderPackage */ = {isa = PBXFileReference; lastKnownFileType = wrapper; path = MultiFinderPackage; sourceTree = "<group>"; };
/* End PBXFileReference section */

/* Begin PBXFileSystemSynchronizedRootGroup section */
		B75D2F412D34A51C00762CB6 /* MultiFinder */ = {
			isa = PBXFileSystemSynchronizedRootGroup;
			path = MultiFinder;
			sourceTree = "<group>";
		};
		B75D2F522D34A51F00762CB6 /* MultiFinderTests */ = {
			isa = PBXFileSystemSynchronizedRootGroup;
			path = MultiFinderTests;
			sourceTree = "<group>";
		};
		B75D2F5C2D34A51F00762CB6 /* MultiFinderUITests */ = {
			isa = PBXFileSystemSynchronizedRootGroup;
			path = MultiFinderUITests;
			sourceTree = "<group>";
		};
/* End PBXFileSystemSynchronizedRootGroup section */

/* Begin PBXFrameworksBuildPhase section */
		B75D2F3C2D34A51C00762CB6 /* Frameworks */ = {
			isa = PBXFrameworksBuildPhase;
			buildActionMask = 2147483647;
			files = (
				B75D2FA02D34B28400762CB6 /* Feature in Frameworks */,
				B75D2F9C2D34B28400762CB6 /* API in Frameworks */,
				B75D2F9E2D34B28400762CB6 /* Entity in Frameworks */,
				B75D2FA22D34B28700762CB6 /* View in Frameworks */,
			);
			runOnlyForDeploymentPostprocessing = 0;
		};
		B75D2F4C2D34A51F00762CB6 /* Frameworks */ = {
			isa = PBXFrameworksBuildPhase;
			buildActionMask = 2147483647;
			files = (
			);
			runOnlyForDeploymentPostprocessing = 0;
		};
		B75D2F562D34A51F00762CB6 /* Frameworks */ = {
			isa = PBXFrameworksBuildPhase;
			buildActionMask = 2147483647;
			files = (
			);
			runOnlyForDeploymentPostprocessing = 0;
		};
/* End PBXFrameworksBuildPhase section */

/* Begin PBXGroup section */
		B75D2F362D34A51C00762CB6 = {
			isa = PBXGroup;
			children = (
				B75D2F6C2D34AEBE00762CB6 /* MultiFinderPackage */,
				B75D2F412D34A51C00762CB6 /* MultiFinder */,
				B75D2F522D34A51F00762CB6 /* MultiFinderTests */,
				B75D2F5C2D34A51F00762CB6 /* MultiFinderUITests */,
				B75D2F9A2D34B28400762CB6 /* Frameworks */,
				B75D2F402D34A51C00762CB6 /* Products */,
			);
			sourceTree = "<group>";
		};
		B75D2F402D34A51C00762CB6 /* Products */ = {
			isa = PBXGroup;
			children = (
				B75D2F3F2D34A51C00762CB6 /* MultiFinder.app */,
				B75D2F4F2D34A51F00762CB6 /* MultiFinderTests.xctest */,
				B75D2F592D34A51F00762CB6 /* MultiFinderUITests.xctest */,
			);
			name = Products;
			sourceTree = "<group>";
		};
		B75D2F9A2D34B28400762CB6 /* Frameworks */ = {
			isa = PBXGroup;
			children = (
			);
			name = Frameworks;
			sourceTree = "<group>";
		};
/* End PBXGroup section */

/* Begin PBXNativeTarget section */
		B75D2F3E2D34A51C00762CB6 /* MultiFinder */ = {
			isa = PBXNativeTarget;
			buildConfigurationList = B75D2F632D34A51F00762CB6 /* Build configuration list for PBXNativeTarget "MultiFinder" */;
			buildPhases = (
				B75D2F3B2D34A51C00762CB6 /* Sources */,
				B75D2F3C2D34A51C00762CB6 /* Frameworks */,
				B75D2F3D2D34A51C00762CB6 /* Resources */,
			);
			buildRules = (
			);
			dependencies = (
			);
			fileSystemSynchronizedGroups = (
				B75D2F412D34A51C00762CB6 /* MultiFinder */,
			);
			name = MultiFinder;
			packageProductDependencies = (
				B75D2F9B2D34B28400762CB6 /* API */,
				B75D2F9D2D34B28400762CB6 /* Entity */,
				B75D2F9F2D34B28400762CB6 /* Feature */,
				B75D2FA12D34B28700762CB6 /* View */,
			);
			productName = MultiFinder;
			productReference = B75D2F3F2D34A51C00762CB6 /* MultiFinder.app */;
			productType = "com.apple.product-type.application";
		};
		B75D2F4E2D34A51F00762CB6 /* MultiFinderTests */ = {
			isa = PBXNativeTarget;
			buildConfigurationList = B75D2F662D34A51F00762CB6 /* Build configuration list for PBXNativeTarget "MultiFinderTests" */;
			buildPhases = (
				B75D2F4B2D34A51F00762CB6 /* Sources */,
				B75D2F4C2D34A51F00762CB6 /* Frameworks */,
				B75D2F4D2D34A51F00762CB6 /* Resources */,
			);
			buildRules = (
			);
			dependencies = (
				B75D2F512D34A51F00762CB6 /* PBXTargetDependency */,
			);
			fileSystemSynchronizedGroups = (
				B75D2F522D34A51F00762CB6 /* MultiFinderTests */,
			);
			name = MultiFinderTests;
			packageProductDependencies = (
			);
			productName = MultiFinderTests;
			productReference = B75D2F4F2D34A51F00762CB6 /* MultiFinderTests.xctest */;
			productType = "com.apple.product-type.bundle.unit-test";
		};
		B75D2F582D34A51F00762CB6 /* MultiFinderUITests */ = {
			isa = PBXNativeTarget;
			buildConfigurationList = B75D2F692D34A51F00762CB6 /* Build configuration list for PBXNativeTarget "MultiFinderUITests" */;
			buildPhases = (
				B75D2F552D34A51F00762CB6 /* Sources */,
				B75D2F562D34A51F00762CB6 /* Frameworks */,
				B75D2F572D34A51F00762CB6 /* Resources */,
			);
			buildRules = (
			);
			dependencies = (
				B75D2F5B2D34A51F00762CB6 /* PBXTargetDependency */,
			);
			fileSystemSynchronizedGroups = (
				B75D2F5C2D34A51F00762CB6 /* MultiFinderUITests */,
			);
			name = MultiFinderUITests;
			packageProductDependencies = (
			);
			productName = MultiFinderUITests;
			productReference = B75D2F592D34A51F00762CB6 /* MultiFinderUITests.xctest */;
			productType = "com.apple.product-type.bundle.ui-testing";
		};
/* End PBXNativeTarget section */

/* Begin PBXProject section */
		B75D2F372D34A51C00762CB6 /* Project object */ = {
			isa = PBXProject;
			attributes = {
				BuildIndependentTargetsInParallel = 1;
				LastSwiftUpdateCheck = 1600;
				LastUpgradeCheck = 1600;
				TargetAttributes = {
					B75D2F3E2D34A51C00762CB6 = {
						CreatedOnToolsVersion = 16.0;
					};
					B75D2F4E2D34A51F00762CB6 = {
						CreatedOnToolsVersion = 16.0;
						TestTargetID = B75D2F3E2D34A51C00762CB6;
					};
					B75D2F582D34A51F00762CB6 = {
						CreatedOnToolsVersion = 16.0;
						TestTargetID = B75D2F3E2D34A51C00762CB6;
					};
				};
			};
			buildConfigurationList = B75D2F3A2D34A51C00762CB6 /* Build configuration list for PBXProject "MultiFinder" */;
			developmentRegion = en;
			hasScannedForEncodings = 0;
			knownRegions = (
				en,
				Base,
			);
			mainGroup = B75D2F362D34A51C00762CB6;
			minimizedProjectReferenceProxies = 1;
			preferredProjectObjectVersion = 77;
			productRefGroup = B75D2F402D34A51C00762CB6 /* Products */;
			projectDirPath = "";
			projectRoot = "";
			targets = (
				B75D2F3E2D34A51C00762CB6 /* MultiFinder */,
				B75D2F4E2D34A51F00762CB6 /* MultiFinderTests */,
				B75D2F582D34A51F00762CB6 /* MultiFinderUITests */,
			);
		};
/* End PBXProject section */

/* Begin PBXResourcesBuildPhase section */
		B75D2F3D2D34A51C00762CB6 /* Resources */ = {
			isa = PBXResourcesBuildPhase;
			buildActionMask = 2147483647;
			files = (
			);
			runOnlyForDeploymentPostprocessing = 0;
		};
		B75D2F4D2D34A51F00762CB6 /* Resources */ = {
			isa = PBXResourcesBuildPhase;
			buildActionMask = 2147483647;
			files = (
			);
			runOnlyForDeploymentPostprocessing = 0;
		};
		B75D2F572D34A51F00762CB6 /* Resources */ = {
			isa = PBXResourcesBuildPhase;
			buildActionMask = 2147483647;
			files = (
			);
			runOnlyForDeploymentPostprocessing = 0;
		};
/* End PBXResourcesBuildPhase section */

/* Begin PBXSourcesBuildPhase section */
		B75D2F3B2D34A51C00762CB6 /* Sources */ = {
			isa = PBXSourcesBuildPhase;
			buildActionMask = 2147483647;
			files = (
			);
			runOnlyForDeploymentPostprocessing = 0;
		};
		B75D2F4B2D34A51F00762CB6 /* Sources */ = {
			isa = PBXSourcesBuildPhase;
			buildActionMask = 2147483647;
			files = (
			);
			runOnlyForDeploymentPostprocessing = 0;
		};
		B75D2F552D34A51F00762CB6 /* Sources */ = {
			isa = PBXSourcesBuildPhase;
			buildActionMask = 2147483647;
			files = (
			);
			runOnlyForDeploymentPostprocessing = 0;
		};
/* End PBXSourcesBuildPhase section */

/* Begin PBXTargetDependency section */
		B75D2F512D34A51F00762CB6 /* PBXTargetDependency */ = {
			isa = PBXTargetDependency;
			target = B75D2F3E2D34A51C00762CB6 /* MultiFinder */;
			targetProxy = B75D2F502D34A51F00762CB6 /* PBXContainerItemProxy */;
		};
		B75D2F5B2D34A51F00762CB6 /* PBXTargetDependency */ = {
			isa = PBXTargetDependency;
			target = B75D2F3E2D34A51C00762CB6 /* MultiFinder */;
			targetProxy = B75D2F5A2D34A51F00762CB6 /* PBXContainerItemProxy */;
		};
/* End PBXTargetDependency section */

/* Begin XCBuildConfiguration section */
		B75D2F612D34A51F00762CB6 /* Debug */ = {
			isa = XCBuildConfiguration;
			buildSettings = {
				ALWAYS_SEARCH_USER_PATHS = NO;
				ASSETCATALOG_COMPILER_GENERATE_SWIFT_ASSET_SYMBOL_EXTENSIONS = YES;
				CLANG_ANALYZER_NONNULL = YES;
				CLANG_ANALYZER_NUMBER_OBJECT_CONVERSION = YES_AGGRESSIVE;
				CLANG_CXX_LANGUAGE_STANDARD = "gnu++20";
				CLANG_ENABLE_MODULES = YES;
				CLANG_ENABLE_OBJC_ARC = YES;
				CLANG_ENABLE_OBJC_WEAK = YES;
				CLANG_WARN_BLOCK_CAPTURE_AUTORELEASING = YES;
				CLANG_WARN_BOOL_CONVERSION = YES;
				CLANG_WARN_COMMA = YES;
				CLANG_WARN_CONSTANT_CONVERSION = YES;
				CLANG_WARN_DEPRECATED_OBJC_IMPLEMENTATIONS = YES;
				CLANG_WARN_DIRECT_OBJC_ISA_USAGE = YES_ERROR;
				CLANG_WARN_DOCUMENTATION_COMMENTS = YES;
				CLANG_WARN_EMPTY_BODY = YES;
				CLANG_WARN_ENUM_CONVERSION = YES;
				CLANG_WARN_INFINITE_RECURSION = YES;
				CLANG_WARN_INT_CONVERSION = YES;
				CLANG_WARN_NON_LITERAL_NULL_CONVERSION = YES;
				CLANG_WARN_OBJC_IMPLICIT_RETAIN_SELF = YES;
				CLANG_WARN_OBJC_LITERAL_CONVERSION = YES;
				CLANG_WARN_OBJC_ROOT_CLASS = YES_ERROR;
				CLANG_WARN_QUOTED_INCLUDE_IN_FRAMEWORK_HEADER = YES;
				CLANG_WARN_RANGE_LOOP_ANALYSIS = YES;
				CLANG_WARN_STRICT_PROTOTYPES = YES;
				CLANG_WARN_SUSPICIOUS_MOVE = YES;
				CLANG_WARN_UNGUARDED_AVAILABILITY = YES_AGGRESSIVE;
				CLANG_WARN_UNREACHABLE_CODE = YES;
				CLANG_WARN__DUPLICATE_METHOD_MATCH = YES;
				COPY_PHASE_STRIP = NO;
				DEBUG_INFORMATION_FORMAT = dwarf;
				ENABLE_STRICT_OBJC_MSGSEND = YES;
				ENABLE_TESTABILITY = YES;
				ENABLE_USER_SCRIPT_SANDBOXING = YES;
				GCC_C_LANGUAGE_STANDARD = gnu17;
				GCC_DYNAMIC_NO_PIC = NO;
				GCC_NO_COMMON_BLOCKS = YES;
				GCC_OPTIMIZATION_LEVEL = 0;
				GCC_PREPROCESSOR_DEFINITIONS = (
					"DEBUG=1",
					"$(inherited)",
				);
				GCC_WARN_64_TO_32_BIT_CONVERSION = YES;
				GCC_WARN_ABOUT_RETURN_TYPE = YES_ERROR;
				GCC_WARN_UNDECLARED_SELECTOR = YES;
				GCC_WARN_UNINITIALIZED_AUTOS = YES_AGGRESSIVE;
				GCC_WARN_UNUSED_FUNCTION = YES;
				GCC_WARN_UNUSED_VARIABLE = YES;
				IPHONEOS_DEPLOYMENT_TARGET = 18.0;
				LOCALIZATION_PREFERS_STRING_CATALOGS = YES;
				MTL_ENABLE_DEBUG_INFO = INCLUDE_SOURCE;
				MTL_FAST_MATH = YES;
				ONLY_ACTIVE_ARCH = YES;
				SDKROOT = iphoneos;
				SWIFT_ACTIVE_COMPILATION_CONDITIONS = "DEBUG $(inherited)";
				SWIFT_OPTIMIZATION_LEVEL = "-Onone";
			};
			name = Debug;
		};
		B75D2F622D34A51F00762CB6 /* Release */ = {
			isa = XCBuildConfiguration;
			buildSettings = {
				ALWAYS_SEARCH_USER_PATHS = NO;
				ASSETCATALOG_COMPILER_GENERATE_SWIFT_ASSET_SYMBOL_EXTENSIONS = YES;
				CLANG_ANALYZER_NONNULL = YES;
				CLANG_ANALYZER_NUMBER_OBJECT_CONVERSION = YES_AGGRESSIVE;
				CLANG_CXX_LANGUAGE_STANDARD = "gnu++20";
				CLANG_ENABLE_MODULES = YES;
				CLANG_ENABLE_OBJC_ARC = YES;
				CLANG_ENABLE_OBJC_WEAK = YES;
				CLANG_WARN_BLOCK_CAPTURE_AUTORELEASING = YES;
				CLANG_WARN_BOOL_CONVERSION = YES;
				CLANG_WARN_COMMA = YES;
				CLANG_WARN_CONSTANT_CONVERSION = YES;
				CLANG_WARN_DEPRECATED_OBJC_IMPLEMENTATIONS = YES;
				CLANG_WARN_DIRECT_OBJC_ISA_USAGE = YES_ERROR;
				CLANG_WARN_DOCUMENTATION_COMMENTS = YES;
				CLANG_WARN_EMPTY_BODY = YES;
				CLANG_WARN_ENUM_CONVERSION = YES;
				CLANG_WARN_INFINITE_RECURSION = YES;
				CLANG_WARN_INT_CONVERSION = YES;
				CLANG_WARN_NON_LITERAL_NULL_CONVERSION = YES;
				CLANG_WARN_OBJC_IMPLICIT_RETAIN_SELF = YES;
				CLANG_WARN_OBJC_LITERAL_CONVERSION = YES;
				CLANG_WARN_OBJC_ROOT_CLASS = YES_ERROR;
				CLANG_WARN_QUOTED_INCLUDE_IN_FRAMEWORK_HEADER = YES;
				CLANG_WARN_RANGE_LOOP_ANALYSIS = YES;
				CLANG_WARN_STRICT_PROTOTYPES = YES;
				CLANG_WARN_SUSPICIOUS_MOVE = YES;
				CLANG_WARN_UNGUARDED_AVAILABILITY = YES_AGGRESSIVE;
				CLANG_WARN_UNREACHABLE_CODE = YES;
				CLANG_WARN__DUPLICATE_METHOD_MATCH = YES;
				COPY_PHASE_STRIP = NO;
				DEBUG_INFORMATION_FORMAT = "dwarf-with-dsym";
				ENABLE_NS_ASSERTIONS = NO;
				ENABLE_STRICT_OBJC_MSGSEND = YES;
				ENABLE_USER_SCRIPT_SANDBOXING = YES;
				GCC_C_LANGUAGE_STANDARD = gnu17;
				GCC_NO_COMMON_BLOCKS = YES;
				GCC_WARN_64_TO_32_BIT_CONVERSION = YES;
				GCC_WARN_ABOUT_RETURN_TYPE = YES_ERROR;
				GCC_WARN_UNDECLARED_SELECTOR = YES;
				GCC_WARN_UNINITIALIZED_AUTOS = YES_AGGRESSIVE;
				GCC_WARN_UNUSED_FUNCTION = YES;
				GCC_WARN_UNUSED_VARIABLE = YES;
				IPHONEOS_DEPLOYMENT_TARGET = 18.0;
				LOCALIZATION_PREFERS_STRING_CATALOGS = YES;
				MTL_ENABLE_DEBUG_INFO = NO;
				MTL_FAST_MATH = YES;
				SDKROOT = iphoneos;
				SWIFT_COMPILATION_MODE = wholemodule;
				VALIDATE_PRODUCT = YES;
			};
			name = Release;
		};
		B75D2F642D34A51F00762CB6 /* Debug */ = {
			isa = XCBuildConfiguration;
			buildSettings = {
				ASSETCATALOG_COMPILER_APPICON_NAME = AppIcon;
				ASSETCATALOG_COMPILER_GLOBAL_ACCENT_COLOR_NAME = AccentColor;
				CODE_SIGN_STYLE = Automatic;
				CURRENT_PROJECT_VERSION = 1;
				DEVELOPMENT_ASSET_PATHS = "\"MultiFinder/Preview Content\"";
				DEVELOPMENT_TEAM = 2RC344KPBS;
				ENABLE_PREVIEWS = YES;
				GENERATE_INFOPLIST_FILE = YES;
				INFOPLIST_KEY_UIApplicationSceneManifest_Generation = YES;
				INFOPLIST_KEY_UIApplicationSupportsIndirectInputEvents = YES;
				INFOPLIST_KEY_UILaunchScreen_Generation = YES;
				INFOPLIST_KEY_UISupportedInterfaceOrientations_iPad = "UIInterfaceOrientationPortrait UIInterfaceOrientationPortraitUpsideDown UIInterfaceOrientationLandscapeLeft UIInterfaceOrientationLandscapeRight";
				INFOPLIST_KEY_UISupportedInterfaceOrientations_iPhone = "UIInterfaceOrientationPortrait UIInterfaceOrientationLandscapeLeft UIInterfaceOrientationLandscapeRight";
				LD_RUNPATH_SEARCH_PATHS = (
					"$(inherited)",
					"@executable_path/Frameworks",
				);
				MARKETING_VERSION = 1.0;
				PRODUCT_BUNDLE_IDENTIFIER = com.rentarou1994.MultiFinder;
				PRODUCT_NAME = "$(TARGET_NAME)";
				SWIFT_EMIT_LOC_STRINGS = YES;
				SWIFT_VERSION = 5.0;
				TARGETED_DEVICE_FAMILY = "1,2";
			};
			name = Debug;
		};
		B75D2F652D34A51F00762CB6 /* Release */ = {
			isa = XCBuildConfiguration;
			buildSettings = {
				ASSETCATALOG_COMPILER_APPICON_NAME = AppIcon;
				ASSETCATALOG_COMPILER_GLOBAL_ACCENT_COLOR_NAME = AccentColor;
				CODE_SIGN_STYLE = Automatic;
				CURRENT_PROJECT_VERSION = 1;
				DEVELOPMENT_ASSET_PATHS = "\"MultiFinder/Preview Content\"";
				DEVELOPMENT_TEAM = 2RC344KPBS;
				ENABLE_PREVIEWS = YES;
				GENERATE_INFOPLIST_FILE = YES;
				INFOPLIST_KEY_UIApplicationSceneManifest_Generation = YES;
				INFOPLIST_KEY_UIApplicationSupportsIndirectInputEvents = YES;
				INFOPLIST_KEY_UILaunchScreen_Generation = YES;
				INFOPLIST_KEY_UISupportedInterfaceOrientations_iPad = "UIInterfaceOrientationPortrait UIInterfaceOrientationPortraitUpsideDown UIInterfaceOrientationLandscapeLeft UIInterfaceOrientationLandscapeRight";
				INFOPLIST_KEY_UISupportedInterfaceOrientations_iPhone = "UIInterfaceOrientationPortrait UIInterfaceOrientationLandscapeLeft UIInterfaceOrientationLandscapeRight";
				LD_RUNPATH_SEARCH_PATHS = (
					"$(inherited)",
					"@executable_path/Frameworks",
				);
				MARKETING_VERSION = 1.0;
				PRODUCT_BUNDLE_IDENTIFIER = com.rentarou1994.MultiFinder;
				PRODUCT_NAME = "$(TARGET_NAME)";
				SWIFT_EMIT_LOC_STRINGS = YES;
				SWIFT_VERSION = 5.0;
				TARGETED_DEVICE_FAMILY = "1,2";
			};
			name = Release;
		};
		B75D2F672D34A51F00762CB6 /* Debug */ = {
			isa = XCBuildConfiguration;
			buildSettings = {
				BUNDLE_LOADER = "$(TEST_HOST)";
				CODE_SIGN_STYLE = Automatic;
				CURRENT_PROJECT_VERSION = 1;
				DEVELOPMENT_TEAM = 2RC344KPBS;
				GENERATE_INFOPLIST_FILE = YES;
				IPHONEOS_DEPLOYMENT_TARGET = 18.0;
				MARKETING_VERSION = 1.0;
				PRODUCT_BUNDLE_IDENTIFIER = com.rentarou1994.MultiFinderTests;
				PRODUCT_NAME = "$(TARGET_NAME)";
				SWIFT_EMIT_LOC_STRINGS = NO;
				SWIFT_VERSION = 5.0;
				TARGETED_DEVICE_FAMILY = "1,2";
				TEST_HOST = "$(BUILT_PRODUCTS_DIR)/MultiFinder.app/$(BUNDLE_EXECUTABLE_FOLDER_PATH)/MultiFinder";
			};
			name = Debug;
		};
		B75D2F682D34A51F00762CB6 /* Release */ = {
			isa = XCBuildConfiguration;
			buildSettings = {
				BUNDLE_LOADER = "$(TEST_HOST)";
				CODE_SIGN_STYLE = Automatic;
				CURRENT_PROJECT_VERSION = 1;
				DEVELOPMENT_TEAM = 2RC344KPBS;
				GENERATE_INFOPLIST_FILE = YES;
				IPHONEOS_DEPLOYMENT_TARGET = 18.0;
				MARKETING_VERSION = 1.0;
				PRODUCT_BUNDLE_IDENTIFIER = com.rentarou1994.MultiFinderTests;
				PRODUCT_NAME = "$(TARGET_NAME)";
				SWIFT_EMIT_LOC_STRINGS = NO;
				SWIFT_VERSION = 5.0;
				TARGETED_DEVICE_FAMILY = "1,2";
				TEST_HOST = "$(BUILT_PRODUCTS_DIR)/MultiFinder.app/$(BUNDLE_EXECUTABLE_FOLDER_PATH)/MultiFinder";
			};
			name = Release;
		};
		B75D2F6A2D34A51F00762CB6 /* Debug */ = {
			isa = XCBuildConfiguration;
			buildSettings = {
				CODE_SIGN_STYLE = Automatic;
				CURRENT_PROJECT_VERSION = 1;
				DEVELOPMENT_TEAM = 2RC344KPBS;
				GENERATE_INFOPLIST_FILE = YES;
				MARKETING_VERSION = 1.0;
				PRODUCT_BUNDLE_IDENTIFIER = com.rentarou1994.MultiFinderUITests;
				PRODUCT_NAME = "$(TARGET_NAME)";
				SWIFT_EMIT_LOC_STRINGS = NO;
				SWIFT_VERSION = 5.0;
				TARGETED_DEVICE_FAMILY = "1,2";
				TEST_TARGET_NAME = MultiFinder;
			};
			name = Debug;
		};
		B75D2F6B2D34A51F00762CB6 /* Release */ = {
			isa = XCBuildConfiguration;
			buildSettings = {
				CODE_SIGN_STYLE = Automatic;
				CURRENT_PROJECT_VERSION = 1;
				DEVELOPMENT_TEAM = 2RC344KPBS;
				GENERATE_INFOPLIST_FILE = YES;
				MARKETING_VERSION = 1.0;
				PRODUCT_BUNDLE_IDENTIFIER = com.rentarou1994.MultiFinderUITests;
				PRODUCT_NAME = "$(TARGET_NAME)";
				SWIFT_EMIT_LOC_STRINGS = NO;
				SWIFT_VERSION = 5.0;
				TARGETED_DEVICE_FAMILY = "1,2";
				TEST_TARGET_NAME = MultiFinder;
			};
			name = Release;
		};
/* End XCBuildConfiguration section */

/* Begin XCConfigurationList section */
		B75D2F3A2D34A51C00762CB6 /* Build configuration list for PBXProject "MultiFinder" */ = {
			isa = XCConfigurationList;
			buildConfigurations = (
				B75D2F612D34A51F00762CB6 /* Debug */,
				B75D2F622D34A51F00762CB6 /* Release */,
			);
			defaultConfigurationIsVisible = 0;
			defaultConfigurationName = Release;
		};
		B75D2F632D34A51F00762CB6 /* Build configuration list for PBXNativeTarget "MultiFinder" */ = {
			isa = XCConfigurationList;
			buildConfigurations = (
				B75D2F642D34A51F00762CB6 /* Debug */,
				B75D2F652D34A51F00762CB6 /* Release */,
			);
			defaultConfigurationIsVisible = 0;
			defaultConfigurationName = Release;
		};
		B75D2F662D34A51F00762CB6 /* Build configuration list for PBXNativeTarget "MultiFinderTests" */ = {
			isa = XCConfigurationList;
			buildConfigurations = (
				B75D2F672D34A51F00762CB6 /* Debug */,
				B75D2F682D34A51F00762CB6 /* Release */,
			);
			defaultConfigurationIsVisible = 0;
			defaultConfigurationName = Release;
		};
		B75D2F692D34A51F00762CB6 /* Build configuration list for PBXNativeTarget "MultiFinderUITests" */ = {
			isa = XCConfigurationList;
			buildConfigurations = (
				B75D2F6A2D34A51F00762CB6 /* Debug */,
				B75D2F6B2D34A51F00762CB6 /* Release */,
			);
			defaultConfigurationIsVisible = 0;
			defaultConfigurationName = Release;
		};
/* End XCConfigurationList section */

/* Begin XCSwiftPackageProductDependency section */
		B75D2F9B2D34B28400762CB6 /* API */ = {
			isa = XCSwiftPackageProductDependency;
			productName = API;
		};
		B75D2F9D2D34B28400762CB6 /* Entity */ = {
			isa = XCSwiftPackageProductDependency;
			productName = Entity;
		};
		B75D2F9F2D34B28400762CB6 /* Feature */ = {
			isa = XCSwiftPackageProductDependency;
			productName = Feature;
		};
		B75D2FA12D34B28700762CB6 /* View */ = {
			isa = XCSwiftPackageProductDependency;
			productName = View;
		};
/* End XCSwiftPackageProductDependency section */
	};
	rootObject = B75D2F372D34A51C00762CB6 /* Project object */;
}
